
Microsoft Visual Studio Solution File, Format Version 12.00
# Visual Studio Version 17
VisualStudioVersion = 17.5.33502.453
MinimumVisualStudioVersion = 10.0.40219.1
Project("{FAE04EC0-301F-11D3-BF4B-00C04F79EFBC}") = "BridgePattern", "BridgePattern.csproj", "{EC1D4E1D-9C09-45AC-8874-B0709EF0C14A}"
EndProject
Global
	GlobalSection(SolutionConfigurationPlatforms) = preSolution
		Debug|Any CPU = Debug|Any CPU
		Release|Any CPU = Release|Any CPU
	EndGlobalSection
	GlobalSection(ProjectConfigurationPlatforms) = postSolution
		{EC1D4E1D-9C09-45AC-8874-B0709EF0C14A}.Debug|Any CPU.ActiveCfg = Debug|Any CPU
		{EC1D4E1D-9C09-45AC-8874-B0709EF0C14A}.Debug|Any CPU.Build.0 = Debug|Any CPU
		{EC1D4E1D-9C09-45AC-8874-B0709EF0C14A}.Release|Any CPU.ActiveCfg = Release|Any CPU
		{EC1D4E1D-9C09-45AC-8874-B0709EF0C14A}.Release|Any CPU.Build.0 = Release|Any CPU
	EndGlobalSection
	GlobalSection(SolutionProperties) = preSolution
		HideSolutionNode = FALSE
	EndGlobalSection
	GlobalSection(ExtensibilityGlobals) = postSolution
		SolutionGuid = {1420238A-2D49-4DCF-B7E5-40EAD1B8883D}
	EndGlobalSection
EndGlobal
