
Microsoft Visual Studio Solution File, Format Version 12.00
# Visual Studio Version 17
VisualStudioVersion = 17.5.33502.453
MinimumVisualStudioVersion = 10.0.40219.1
Project("{FAE04EC0-301F-11D3-BF4B-00C04F79EFBC}") = "MediatorPattern", "MediatorPattern.csproj", "{B49BF441-0BCD-41AE-BBD5-62F7EEBD47DE}"
EndProject
Global
	GlobalSection(SolutionConfigurationPlatforms) = preSolution
		Debug|Any CPU = Debug|Any CPU
		Release|Any CPU = Release|Any CPU
	EndGlobalSection
	GlobalSection(ProjectConfigurationPlatforms) = postSolution
		{B49BF441-0BCD-41AE-BBD5-62F7EEBD47DE}.Debug|Any CPU.ActiveCfg = Debug|Any CPU
		{B49BF441-0BCD-41AE-BBD5-62F7EEBD47DE}.Debug|Any CPU.Build.0 = Debug|Any CPU
		{B49BF441-0BCD-41AE-BBD5-62F7EEBD47DE}.Release|Any CPU.ActiveCfg = Release|Any CPU
		{B49BF441-0BCD-41AE-BBD5-62F7EEBD47DE}.Release|Any CPU.Build.0 = Release|Any CPU
	EndGlobalSection
	GlobalSection(SolutionProperties) = preSolution
		HideSolutionNode = FALSE
	EndGlobalSection
	GlobalSection(ExtensibilityGlobals) = postSolution
		SolutionGuid = {2E0FF71B-0D13-4DD7-9CD0-73140ACCAE43}
	EndGlobalSection
EndGlobal
