
Microsoft Visual Studio Solution File, Format Version 12.00
# Visual Studio Version 17
VisualStudioVersion = 17.5.33502.453
MinimumVisualStudioVersion = 10.0.40219.1
Project("{FAE04EC0-301F-11D3-BF4B-00C04F79EFBC}") = "PrototypePattern", "PrototypePattern.csproj", "{86F89D79-4577-4379-86C5-D488D4A97D31}"
EndProject
Global
	GlobalSection(SolutionConfigurationPlatforms) = preSolution
		Debug|Any CPU = Debug|Any CPU
		Release|Any CPU = Release|Any CPU
	EndGlobalSection
	GlobalSection(ProjectConfigurationPlatforms) = postSolution
		{86F89D79-4577-4379-86C5-D488D4A97D31}.Debug|Any CPU.ActiveCfg = Debug|Any CPU
		{86F89D79-4577-4379-86C5-D488D4A97D31}.Debug|Any CPU.Build.0 = Debug|Any CPU
		{86F89D79-4577-4379-86C5-D488D4A97D31}.Release|Any CPU.ActiveCfg = Release|Any CPU
		{86F89D79-4577-4379-86C5-D488D4A97D31}.Release|Any CPU.Build.0 = Release|Any CPU
	EndGlobalSection
	GlobalSection(SolutionProperties) = preSolution
		HideSolutionNode = FALSE
	EndGlobalSection
	GlobalSection(ExtensibilityGlobals) = postSolution
		SolutionGuid = {55305494-B931-4842-A9AB-2D48B67011B2}
	EndGlobalSection
EndGlobal
