
Microsoft Visual Studio Solution File, Format Version 12.00
# Visual Studio Version 17
VisualStudioVersion = 17.5.33502.453
MinimumVisualStudioVersion = 10.0.40219.1
Project("{FAE04EC0-301F-11D3-BF4B-00C04F79EFBC}") = "StatePattern", "StatePattern.csproj", "{9CA88D09-B629-41C6-9268-B8DB6D833C68}"
EndProject
Global
	GlobalSection(SolutionConfigurationPlatforms) = preSolution
		Debug|Any CPU = Debug|Any CPU
		Release|Any CPU = Release|Any CPU
	EndGlobalSection
	GlobalSection(ProjectConfigurationPlatforms) = postSolution
		{9CA88D09-B629-41C6-9268-B8DB6D833C68}.Debug|Any CPU.ActiveCfg = Debug|Any CPU
		{9CA88D09-B629-41C6-9268-B8DB6D833C68}.Debug|Any CPU.Build.0 = Debug|Any CPU
		{9CA88D09-B629-41C6-9268-B8DB6D833C68}.Release|Any CPU.ActiveCfg = Release|Any CPU
		{9CA88D09-B629-41C6-9268-B8DB6D833C68}.Release|Any CPU.Build.0 = Release|Any CPU
	EndGlobalSection
	GlobalSection(SolutionProperties) = preSolution
		HideSolutionNode = FALSE
	EndGlobalSection
	GlobalSection(ExtensibilityGlobals) = postSolution
		SolutionGuid = {31A7A941-E0F7-4C2D-813D-5FA4D5A3C8EC}
	EndGlobalSection
EndGlobal
