
Microsoft Visual Studio Solution File, Format Version 12.00
# Visual Studio Version 17
VisualStudioVersion = 17.5.33502.453
MinimumVisualStudioVersion = 10.0.40219.1
Project("{FAE04EC0-301F-11D3-BF4B-00C04F79EFBC}") = "MementoPattern", "MementoPattern.csproj", "{C2DDA0B8-BFD5-44AF-8882-74744A9CF4DA}"
EndProject
Global
	GlobalSection(SolutionConfigurationPlatforms) = preSolution
		Debug|Any CPU = Debug|Any CPU
		Release|Any CPU = Release|Any CPU
	EndGlobalSection
	GlobalSection(ProjectConfigurationPlatforms) = postSolution
		{C2DDA0B8-BFD5-44AF-8882-74744A9CF4DA}.Debug|Any CPU.ActiveCfg = Debug|Any CPU
		{C2DDA0B8-BFD5-44AF-8882-74744A9CF4DA}.Debug|Any CPU.Build.0 = Debug|Any CPU
		{C2DDA0B8-BFD5-44AF-8882-74744A9CF4DA}.Release|Any CPU.ActiveCfg = Release|Any CPU
		{C2DDA0B8-BFD5-44AF-8882-74744A9CF4DA}.Release|Any CPU.Build.0 = Release|Any CPU
	EndGlobalSection
	GlobalSection(SolutionProperties) = preSolution
		HideSolutionNode = FALSE
	EndGlobalSection
	GlobalSection(ExtensibilityGlobals) = postSolution
		SolutionGuid = {32EFE791-4659-46E9-B17D-987780C63FDC}
	EndGlobalSection
EndGlobal
